<?xml version="1.0" encoding="utf-8"?>
<Project ToolsVersion="4.0" xmlns="http://schemas.microsoft.com/developer/msbuild/2003">
  <ItemGroup>
    <Filter Include="Source Files">
      <UniqueIdentifier>{4FC737F1-C7A5-4376-A066-2A32D752A2FF}</UniqueIdentifier>
      <Extensions>cpp;c;cc;cxx;def;odl;idl;hpj;bat;asm;asmx</Extensions>
    </Filter>
    <Filter Include="Header Files">
      <UniqueIdentifier>{93995380-89BD-4b04-88EB-625FBE52EBFB}</UniqueIdentifier>
      <Extensions>h;hpp;hxx;hm;inl;inc;xsd</Extensions>
    </Filter>
    <Filter Include="Resource Files">
      <UniqueIdentifier>{67DA6AB6-F800-4c08-8B7A-83BB121AAD01}</UniqueIdentifier>
      <Extensions>rc;ico;cur;bmp;dlg;rc2;rct;bin;rgs;gif;jpg;jpeg;jpe;resx;tiff;tif;png;wav;mfcribbon-ms</Extensions>
    </Filter>
  </ItemGroup>
  <ItemGroup>
    <ClCompile Include="StdAfx.cpp">
      <Filter>Source Files</Filter>
    </ClCompile>
    <ClCompile Include="bcd.cpp">
      <Filter>Source Files</Filter>
    </ClCompile>
    <ClCompile Include="bcdfloat2.cpp">
      <Filter>Source Files</Filter>
    </ClCompile>
    <ClCompile Include="bcdfloat.cpp">
      <Filter>Source Files</Filter>
    </ClCompile>
    <ClCompile Include="bcdmath.cpp">
      <Filter>Source Files</Filter>
    </ClCompile>
    <ClCompile Include="core_commands1.cpp">
      <Filter>Source Files</Filter>
    </ClCompile>
    <ClCompile Include="core_commands2.cpp">
      <Filter>Source Files</Filter>
    </ClCompile>
    <ClCompile Include="core_commands3.cpp">
      <Filter>Source Files</Filter>
    </ClCompile>
    <ClCompile Include="core_commands4.cpp">
      <Filter>Source Files</Filter>
    </ClCompile>
    <ClCompile Include="core_commands5.cpp">
      <Filter>Source Files</Filter>
    </ClCompile>
    <ClCompile Include="core_commands6.cpp">
      <Filter>Source Files</Filter>
    </ClCompile>
    <ClCompile Include="core_commands7.cpp">
      <Filter>Source Files</Filter>
    </ClCompile>
    <ClCompile Include="core_display.cpp">
      <Filter>Source Files</Filter>
    </ClCompile>
    <ClCompile Include="core_globals.cpp">
      <Filter>Source Files</Filter>
    </ClCompile>
    <ClCompile Include="core_helpers.cpp">
      <Filter>Source Files</Filter>
    </ClCompile>
    <ClCompile Include="core_keydown.cpp">
      <Filter>Source Files</Filter>
    </ClCompile>
    <ClCompile Include="core_linalg1.cpp">
      <Filter>Source Files</Filter>
    </ClCompile>
    <ClCompile Include="core_linalg2.cpp">
      <Filter>Source Files</Filter>
    </ClCompile>
    <ClCompile Include="core_main.cpp">
      <Filter>Source Files</Filter>
    </ClCompile>
    <ClCompile Include="core_math1.cpp">
      <Filter>Source Files</Filter>
    </ClCompile>
    <ClCompile Include="core_math2.cpp">
      <Filter>Source Files</Filter>
    </ClCompile>
    <ClCompile Include="core_phloat.cpp">
      <Filter>Source Files</Filter>
    </ClCompile>
    <ClCompile Include="core_sto_rcl.cpp">
      <Filter>Source Files</Filter>
    </ClCompile>
    <ClCompile Include="core_tables.cpp">
      <Filter>Source Files</Filter>
    </ClCompile>
    <ClCompile Include="core_variables.cpp">
      <Filter>Source Files</Filter>
    </ClCompile>
    <ClCompile Include="mathfudge.c">
      <Filter>Source Files</Filter>
    </ClCompile>
    <ClCompile Include="msg2string.cpp">
      <Filter>Source Files</Filter>
    </ClCompile>
    <ClCompile Include="shell.cpp">
      <Filter>Source Files</Filter>
    </ClCompile>
    <ClCompile Include="shell_loadimage.cpp">
      <Filter>Source Files</Filter>
    </ClCompile>
    <ClCompile Include="shell_skin.cpp">
      <Filter>Source Files</Filter>
    </ClCompile>
    <ClCompile Include="shell_spool.cpp">
      <Filter>Source Files</Filter>
    </ClCompile>
    <ClCompile Include="skins.cpp">
      <Filter>Source Files</Filter>
    </ClCompile>
    <ClCompile Include="keymap.cpp">
      <Filter>Source Files</Filter>
    </ClCompile>
  </ItemGroup>
  <ItemGroup>
    <ClInclude Include="StdAfx.h">
      <Filter>Header Files</Filter>
    </ClInclude>
    <ClInclude Include="bcd2.h">
      <Filter>Header Files</Filter>
    </ClInclude>
    <ClInclude Include="bcd.h">
      <Filter>Header Files</Filter>
    </ClInclude>
    <ClInclude Include="bcdfloat2.h">
      <Filter>Header Files</Filter>
    </ClInclude>
    <ClInclude Include="bcdfloat.h">
      <Filter>Header Files</Filter>
    </ClInclude>
    <ClInclude Include="bcdmath.h">
      <Filter>Header Files</Filter>
    </ClInclude>
    <ClInclude Include="core_commands1.h">
      <Filter>Header Files</Filter>
    </ClInclude>
    <ClInclude Include="core_commands2.h">
      <Filter>Header Files</Filter>
    </ClInclude>
    <ClInclude Include="core_commands3.h">
      <Filter>Header Files</Filter>
    </ClInclude>
    <ClInclude Include="core_commands4.h">
      <Filter>Header Files</Filter>
    </ClInclude>
    <ClInclude Include="core_commands5.h">
      <Filter>Header Files</Filter>
    </ClInclude>
    <ClInclude Include="core_commands6.h">
      <Filter>Header Files</Filter>
    </ClInclude>
    <ClInclude Include="core_commands7.h">
      <Filter>Header Files</Filter>
    </ClInclude>
    <ClInclude Include="core_display.h">
      <Filter>Header Files</Filter>
    </ClInclude>
    <ClInclude Include="core_globals.h">
      <Filter>Header Files</Filter>
    </ClInclude>
    <ClInclude Include="core_helpers.h">
      <Filter>Header Files</Filter>
    </ClInclude>
    <ClInclude Include="core_keydown.h">
      <Filter>Header Files</Filter>
    </ClInclude>
    <ClInclude Include="core_linalg1.h">
      <Filter>Header Files</Filter>
    </ClInclude>
    <ClInclude Include="core_linalg2.h">
      <Filter>Header Files</Filter>
    </ClInclude>
    <ClInclude Include="core_main.h">
      <Filter>Header Files</Filter>
    </ClInclude>
    <ClInclude Include="core_math1.h">
      <Filter>Header Files</Filter>
    </ClInclude>
    <ClInclude Include="core_math2.h">
      <Filter>Header Files</Filter>
    </ClInclude>
    <ClInclude Include="core_phloat.h">
      <Filter>Header Files</Filter>
    </ClInclude>
    <ClInclude Include="core_sto_rcl.h">
      <Filter>Header Files</Filter>
    </ClInclude>
    <ClInclude Include="core_tables.h">
      <Filter>Header Files</Filter>
    </ClInclude>
    <ClInclude Include="core_variables.h">
      <Filter>Header Files</Filter>
    </ClInclude>
    <ClInclude Include="free42.h">
      <Filter>Header Files</Filter>
    </ClInclude>
    <ClInclude Include="msg2string.h">
      <Filter>Header Files</Filter>
    </ClInclude>
    <ClInclude Include="resource.h">
      <Filter>Header Files</Filter>
    </ClInclude>
    <ClInclude Include="shell.h">
      <Filter>Header Files</Filter>
    </ClInclude>
    <ClInclude Include="shell_loadimage.h">
      <Filter>Header Files</Filter>
    </ClInclude>
    <ClInclude Include="shell_skin.h">
      <Filter>Header Files</Filter>
    </ClInclude>
    <ClInclude Include="shell_spool.h">
      <Filter>Header Files</Filter>
    </ClInclude>
  </ItemGroup>
  <ItemGroup>
    <ResourceCompile Include="Free42.rc">
      <Filter>Resource Files</Filter>
    </ResourceCompile>
  </ItemGroup>
</Project>