
Microsoft Visual Studio Solution File, Format Version 10.00
# Visual C++ Express 2008
Project("{8BC9CEB8-8B4A-11D0-8D11-00A0C91BC942}") = "Free42Binary", "Free42Binary.vcproj", "{DF1D5B05-23C8-432A-94BF-ACC78831C191}"
EndProject
Project("{8BC9CEB8-8B4A-11D0-8D11-00A0C91BC942}") = "Free42Decimal", "Free42Decimal.vcproj", "{1757EC64-6C3D-413F-855B-32605476D747}"
EndProject
Project("{8BC9CEB8-8B4A-11D0-8D11-00A0C91BC942}") = "keymap2cpp", "keymap2cpp.vcproj", "{FAF177C2-8585-4D8C-857E-221124A1D490}"
EndProject
Project("{8BC9CEB8-8B4A-11D0-8D11-00A0C91BC942}") = "skin2cpp", "skin2cpp.vcproj", "{2E2CF629-0E30-4A3E-931F-809A1264ACF5}"
EndProject
Global
	GlobalSection(SolutionConfigurationPlatforms) = preSolution
		Debug|Win32 = Debug|Win32
		Release|Win32 = Release|Win32
	EndGlobalSection
	GlobalSection(ProjectConfigurationPlatforms) = postSolution
		{DF1D5B05-23C8-432A-94BF-ACC78831C191}.Debug|Win32.ActiveCfg = Debug|Win32
		{DF1D5B05-23C8-432A-94BF-ACC78831C191}.Debug|Win32.Build.0 = Debug|Win32
		{DF1D5B05-23C8-432A-94BF-ACC78831C191}.Release|Win32.ActiveCfg = Release|Win32
		{DF1D5B05-23C8-432A-94BF-ACC78831C191}.Release|Win32.Build.0 = Release|Win32
		{1757EC64-6C3D-413F-855B-32605476D747}.Debug|Win32.ActiveCfg = Debug|Win32
		{1757EC64-6C3D-413F-855B-32605476D747}.Debug|Win32.Build.0 = Debug|Win32
		{1757EC64-6C3D-413F-855B-32605476D747}.Release|Win32.ActiveCfg = Release|Win32
		{1757EC64-6C3D-413F-855B-32605476D747}.Release|Win32.Build.0 = Release|Win32
		{FAF177C2-8585-4D8C-857E-221124A1D490}.Debug|Win32.ActiveCfg = Debug|Win32
		{FAF177C2-8585-4D8C-857E-221124A1D490}.Debug|Win32.Build.0 = Debug|Win32
		{FAF177C2-8585-4D8C-857E-221124A1D490}.Release|Win32.ActiveCfg = Release|Win32
		{FAF177C2-8585-4D8C-857E-221124A1D490}.Release|Win32.Build.0 = Release|Win32
		{2E2CF629-0E30-4A3E-931F-809A1264ACF5}.Debug|Win32.ActiveCfg = Debug|Win32
		{2E2CF629-0E30-4A3E-931F-809A1264ACF5}.Debug|Win32.Build.0 = Debug|Win32
		{2E2CF629-0E30-4A3E-931F-809A1264ACF5}.Release|Win32.ActiveCfg = Release|Win32
		{2E2CF629-0E30-4A3E-931F-809A1264ACF5}.Release|Win32.Build.0 = Release|Win32
	EndGlobalSection
	GlobalSection(SolutionProperties) = preSolution
		HideSolutionNode = FALSE
	EndGlobalSection
EndGlobal
